
Microsoft Visual Studio Solution File, Format Version 12.00
# Visual Studio Version 17
VisualStudioVersion = 17.7.34024.191
MinimumVisualStudioVersion = 10.0.40219.1
Project("{FAE04EC0-301F-11D3-BF4B-00C04F79EFBC}") = "Konstruktörerövningar6inl", "Konstruktörerövningar6inl\Konstruktörerövningar6inl.csproj", "{A5E15C34-1E9D-4D29-84A5-7EF8CECFEBB6}"
EndProject
Global
	GlobalSection(SolutionConfigurationPlatforms) = preSolution
		Debug|Any CPU = Debug|Any CPU
		Release|Any CPU = Release|Any CPU
	EndGlobalSection
	GlobalSection(ProjectConfigurationPlatforms) = postSolution
		{A5E15C34-1E9D-4D29-84A5-7EF8CECFEBB6}.Debug|Any CPU.ActiveCfg = Debug|Any CPU
		{A5E15C34-1E9D-4D29-84A5-7EF8CECFEBB6}.Debug|Any CPU.Build.0 = Debug|Any CPU
		{A5E15C34-1E9D-4D29-84A5-7EF8CECFEBB6}.Release|Any CPU.ActiveCfg = Release|Any CPU
		{A5E15C34-1E9D-4D29-84A5-7EF8CECFEBB6}.Release|Any CPU.Build.0 = Release|Any CPU
	EndGlobalSection
	GlobalSection(SolutionProperties) = preSolution
		HideSolutionNode = FALSE
	EndGlobalSection
	GlobalSection(ExtensibilityGlobals) = postSolution
		SolutionGuid = {C9B9057A-8517-4DE7-A0A2-9613EBB1E82F}
	EndGlobalSection
EndGlobal
